
Microsoft Visual Studio Solution File, Format Version 12.00
# Visual Studio 2013
VisualStudioVersion = 12.0.30501.0
MinimumVisualStudioVersion = 10.0.40219.1
Project("{8BC9CEB8-8B4A-11D0-8D11-00A0C91BC942}") = "MFCApplication11", "MFCApplication11\MFCApplication11.vcxproj", "{416851C7-6836-4C75-A9F8-0CA82FEBF2A5}"
EndProject
Global
	GlobalSection(SolutionConfigurationPlatforms) = preSolution
		Debug|Win32 = Debug|Win32
		Release|Win32 = Release|Win32
	EndGlobalSection
	GlobalSection(ProjectConfigurationPlatforms) = postSolution
		{416851C7-6836-4C75-A9F8-0CA82FEBF2A5}.Debug|Win32.ActiveCfg = Debug|Win32
		{416851C7-6836-4C75-A9F8-0CA82FEBF2A5}.Debug|Win32.Build.0 = Debug|Win32
		{416851C7-6836-4C75-A9F8-0CA82FEBF2A5}.Release|Win32.ActiveCfg = Release|Win32
		{416851C7-6836-4C75-A9F8-0CA82FEBF2A5}.Release|Win32.Build.0 = Release|Win32
	EndGlobalSection
	GlobalSection(SolutionProperties) = preSolution
		HideSolutionNode = FALSE
	EndGlobalSection
EndGlobal
